<?xml version="1.0" encoding="utf-8"?>
<Project ToolsVersion="4.0" xmlns="http://schemas.microsoft.com/developer/msbuild/2003">
  <ItemGroup>
    <Filter Include="源文件">
      <UniqueIdentifier>{4FC737F1-C7A5-4376-A066-2A32D752A2FF}</UniqueIdentifier>
      <Extensions>cpp;c;cc;cxx;c++;cppm;ixx;def;odl;idl;hpj;bat;asm;asmx</Extensions>
    </Filter>
    <Filter Include="头文件">
      <UniqueIdentifier>{93995380-89BD-4b04-88EB-625FBE52EBFB}</UniqueIdentifier>
      <Extensions>h;hh;hpp;hxx;h++;hm;inl;inc;ipp;xsd</Extensions>
    </Filter>
    <Filter Include="资源文件">
      <UniqueIdentifier>{67DA6AB6-F800-4c08-8B7A-83BB121AAD01}</UniqueIdentifier>
      <Extensions>rc;ico;cur;bmp;dlg;rc2;rct;bin;rgs;gif;jpg;jpeg;jpe;resx;tiff;tif;png;wav;mfcribbon-ms</Extensions>
    </Filter>
  </ItemGroup>
  <ItemGroup>
    <ClCompile Include="Solo PUZZLE.cpp">
      <Filter>源文件</Filter>
    </ClCompile>
    <ClCompile Include="Coordenada.cpp">
      <Filter>源文件</Filter>
    </ClCompile>
    <ClCompile Include="JuegoPM.cpp">
      <Filter>源文件</Filter>
    </ClCompile>
    <ClCompile Include="Matriz.cpp">
      <Filter>源文件</Filter>
    </ClCompile>
    <ClCompile Include="UtilidadeSYS.cpp">
      <Filter>源文件</Filter>
    </ClCompile>
  </ItemGroup>
  <ItemGroup>
    <ClInclude Include="Coordenada.h">
      <Filter>头文件</Filter>
    </ClInclude>
    <ClInclude Include="Matriz.h">
      <Filter>头文件</Filter>
    </ClInclude>
    <ClInclude Include="JuegoPM.h">
      <Filter>头文件</Filter>
    </ClInclude>
    <ClInclude Include="UtilidadeSYS.h">
      <Filter>头文件</Filter>
    </ClInclude>
  </ItemGroup>
  <ItemGroup>
    <ClInclude Include="Coordenada.h">
      <Filter>头文件</Filter>
    </ClInclude>
    <ClInclude Include="Matriz.h">
      <Filter>头文件</Filter>
    </ClInclude>
    <ClInclude Include="JuegoPM.h">
      <Filter>头文件</Filter>
    </ClInclude>
    <ClInclude Include="UtilidadeSYS.h">
      <Filter>头文件</Filter>
    </ClInclude>
  </ItemGroup>
  <ItemGroup>
  <Text Include="cara_1D.txt">
    <Filter>Archivos de recursos</Filter>
  </Text>
  <Text Include="datosPuzzles.txt">
    <Filter>Archivos de recursos</Filter>
  </Text>
  <Text Include="fichSA_2D.txt">
    <Filter>Archivos de recursos</Filter>
  </Text>
  <Text Include="fichSC_1D.txt">
    <Filter>Archivos de recursos</Filter>
  </Text>
  <Text Include="fichSD_1D.txt">
    <Filter>Archivos de recursos</Filter>
  </Text>
  <Text Include="fichSF_1D.txt">
    <Filter>Archivos de recursos</Filter>
  </Text>
  <Text Include="fichVC_1D.txt">
    <Filter>Archivos de recursos</Filter>
  </Text>
  <Text Include="fichVD_1D.txt">
    <Filter>Archivos de recursos</Filter>
  </Text>
  <Text Include="fichVD_2D.txt">
    <Filter>Archivos de recursos</Filter>
  </Text>
  <Text Include="fichVF_1D.txt">
    <Filter>Archivos de recursos</Filter>
  </Text>
  <Text Include="patitaRD_2D.txt">
    <Filter>Archivos de recursos</Filter>
  </Text>
  <Text Include="patitaVH_2D.txt">
    <Filter>Archivos de recursos</Filter>
  </Text>
  <Text Include="patitaVV_2D.txt">
    <Filter>Archivos de recursos</Filter>
  </Text>
  <Text Include="torre1_1D.txt">
    <Filter>Archivos de recursos</Filter>
  </Text>
  </ItemGroup>
</Project>